
Microsoft Visual Studio Solution File, Format Version 12.00
# Visual Studio Version 16
VisualStudioVersion = 16.0.29709.97
MinimumVisualStudioVersion = 10.0.40219.1
Project("{8BC9CEB8-8B4A-11D0-8D11-00A0C91BC942}") = "Project1", "Project1\Project1.vcxproj", "{C2AC1A28-F088-4C82-8AE6-F328CDB6D69C}"
EndProject
Global
	GlobalSection(SolutionConfigurationPlatforms) = preSolution
		Debug|x64 = Debug|x64
		Debug|x86 = Debug|x86
		Release|x64 = Release|x64
		Release|x86 = Release|x86
	EndGlobalSection
	GlobalSection(ProjectConfigurationPlatforms) = postSolution
		{C2AC1A28-F088-4C82-8AE6-F328CDB6D69C}.Debug|x64.ActiveCfg = Debug|x64
		{C2AC1A28-F088-4C82-8AE6-F328CDB6D69C}.Debug|x64.Build.0 = Debug|x64
		{C2AC1A28-F088-4C82-8AE6-F328CDB6D69C}.Debug|x86.ActiveCfg = Debug|Win32
		{C2AC1A28-F088-4C82-8AE6-F328CDB6D69C}.Debug|x86.Build.0 = Debug|Win32
		{C2AC1A28-F088-4C82-8AE6-F328CDB6D69C}.Release|x64.ActiveCfg = Release|x64
		{C2AC1A28-F088-4C82-8AE6-F328CDB6D69C}.Release|x64.Build.0 = Release|x64
		{C2AC1A28-F088-4C82-8AE6-F328CDB6D69C}.Release|x86.ActiveCfg = Release|Win32
		{C2AC1A28-F088-4C82-8AE6-F328CDB6D69C}.Release|x86.Build.0 = Release|Win32
	EndGlobalSection
	GlobalSection(SolutionProperties) = preSolution
		HideSolutionNode = FALSE
	EndGlobalSection
	GlobalSection(ExtensibilityGlobals) = postSolution
		SolutionGuid = {B48F73C1-DAD9-4C38-A0DC-111234815E1E}
	EndGlobalSection
EndGlobal
