
Microsoft Visual Studio Solution File, Format Version 12.00
# Visual Studio Version 16
VisualStudioVersion = 16.0.29306.81
MinimumVisualStudioVersion = 10.0.40219.1
Project("{8BC9CEB8-8B4A-11D0-8D11-00A0C91BC942}") = "SELECTION_SORT", "SELECTION_SORT\SELECTION_SORT.vcxproj", "{53E148A0-EAB7-4280-8F34-DF49E8B8A152}"
EndProject
Global
	GlobalSection(SolutionConfigurationPlatforms) = preSolution
		Debug|x64 = Debug|x64
		Debug|x86 = Debug|x86
		Release|x64 = Release|x64
		Release|x86 = Release|x86
	EndGlobalSection
	GlobalSection(ProjectConfigurationPlatforms) = postSolution
		{53E148A0-EAB7-4280-8F34-DF49E8B8A152}.Debug|x64.ActiveCfg = Debug|x64
		{53E148A0-EAB7-4280-8F34-DF49E8B8A152}.Debug|x64.Build.0 = Debug|x64
		{53E148A0-EAB7-4280-8F34-DF49E8B8A152}.Debug|x86.ActiveCfg = Debug|Win32
		{53E148A0-EAB7-4280-8F34-DF49E8B8A152}.Debug|x86.Build.0 = Debug|Win32
		{53E148A0-EAB7-4280-8F34-DF49E8B8A152}.Release|x64.ActiveCfg = Release|x64
		{53E148A0-EAB7-4280-8F34-DF49E8B8A152}.Release|x64.Build.0 = Release|x64
		{53E148A0-EAB7-4280-8F34-DF49E8B8A152}.Release|x86.ActiveCfg = Release|Win32
		{53E148A0-EAB7-4280-8F34-DF49E8B8A152}.Release|x86.Build.0 = Release|Win32
	EndGlobalSection
	GlobalSection(SolutionProperties) = preSolution
		HideSolutionNode = FALSE
	EndGlobalSection
	GlobalSection(ExtensibilityGlobals) = postSolution
		SolutionGuid = {217ED8D3-3AED-4F72-9269-D1881B138CC9}
	EndGlobalSection
EndGlobal
