
Microsoft Visual Studio Solution File, Format Version 12.00
# Visual Studio Version 16
VisualStudioVersion = 16.0.29306.81
MinimumVisualStudioVersion = 10.0.40219.1
Project("{8BC9CEB8-8B4A-11D0-8D11-00A0C91BC942}") = "BUBBLE_SORT", "BUBBLE_SORT\BUBBLE_SORT.vcxproj", "{CFFD4AFC-3F40-4D85-ABF8-6A8231F692C8}"
EndProject
Global
	GlobalSection(SolutionConfigurationPlatforms) = preSolution
		Debug|x64 = Debug|x64
		Debug|x86 = Debug|x86
		Release|x64 = Release|x64
		Release|x86 = Release|x86
	EndGlobalSection
	GlobalSection(ProjectConfigurationPlatforms) = postSolution
		{CFFD4AFC-3F40-4D85-ABF8-6A8231F692C8}.Debug|x64.ActiveCfg = Debug|x64
		{CFFD4AFC-3F40-4D85-ABF8-6A8231F692C8}.Debug|x64.Build.0 = Debug|x64
		{CFFD4AFC-3F40-4D85-ABF8-6A8231F692C8}.Debug|x86.ActiveCfg = Debug|Win32
		{CFFD4AFC-3F40-4D85-ABF8-6A8231F692C8}.Debug|x86.Build.0 = Debug|Win32
		{CFFD4AFC-3F40-4D85-ABF8-6A8231F692C8}.Release|x64.ActiveCfg = Release|x64
		{CFFD4AFC-3F40-4D85-ABF8-6A8231F692C8}.Release|x64.Build.0 = Release|x64
		{CFFD4AFC-3F40-4D85-ABF8-6A8231F692C8}.Release|x86.ActiveCfg = Release|Win32
		{CFFD4AFC-3F40-4D85-ABF8-6A8231F692C8}.Release|x86.Build.0 = Release|Win32
	EndGlobalSection
	GlobalSection(SolutionProperties) = preSolution
		HideSolutionNode = FALSE
	EndGlobalSection
	GlobalSection(ExtensibilityGlobals) = postSolution
		SolutionGuid = {A63CEF78-619B-492D-9263-924F92D0E4EA}
	EndGlobalSection
EndGlobal
